
Microsoft Visual Studio Solution File, Format Version 12.00
# Visual Studio Version 16
VisualStudioVersion = 16.0.31624.102
MinimumVisualStudioVersion = 10.0.40219.1
Project("{FAE04EC0-301F-11D3-BF4B-00C04F79EFBC}") = "TestForJob", "TestForJob.csproj", "{4B5ADA15-F906-435D-92D0-901220306A15}"
EndProject
Global
	GlobalSection(SolutionConfigurationPlatforms) = preSolution
		Debug|Any CPU = Debug|Any CPU
		Release|Any CPU = Release|Any CPU
	EndGlobalSection
	GlobalSection(ProjectConfigurationPlatforms) = postSolution
		{4B5ADA15-F906-435D-92D0-901220306A15}.Debug|Any CPU.ActiveCfg = Debug|Any CPU
		{4B5ADA15-F906-435D-92D0-901220306A15}.Debug|Any CPU.Build.0 = Debug|Any CPU
		{4B5ADA15-F906-435D-92D0-901220306A15}.Release|Any CPU.ActiveCfg = Release|Any CPU
		{4B5ADA15-F906-435D-92D0-901220306A15}.Release|Any CPU.Build.0 = Release|Any CPU
	EndGlobalSection
	GlobalSection(SolutionProperties) = preSolution
		HideSolutionNode = FALSE
	EndGlobalSection
	GlobalSection(ExtensibilityGlobals) = postSolution
		SolutionGuid = {875D3E75-D885-48A3-B069-A97329176693}
	EndGlobalSection
EndGlobal
